
Microsoft Visual Studio Solution File, Format Version 12.00
# Visual Studio Version 17
VisualStudioVersion = 17.4.33213.308
MinimumVisualStudioVersion = 10.0.40219.1
Project("{FAE04EC0-301F-11D3-BF4B-00C04F79EFBC}") = "Parcial2API", "Parcial2API\Parcial2API.csproj", "{AB28BB50-C957-4F93-A839-1535E138EFC0}"
EndProject
Global
	GlobalSection(SolutionConfigurationPlatforms) = preSolution
		Debug|Any CPU = Debug|Any CPU
		Release|Any CPU = Release|Any CPU
	EndGlobalSection
	GlobalSection(ProjectConfigurationPlatforms) = postSolution
		{AB28BB50-C957-4F93-A839-1535E138EFC0}.Debug|Any CPU.ActiveCfg = Debug|Any CPU
		{AB28BB50-C957-4F93-A839-1535E138EFC0}.Debug|Any CPU.Build.0 = Debug|Any CPU
		{AB28BB50-C957-4F93-A839-1535E138EFC0}.Release|Any CPU.ActiveCfg = Release|Any CPU
		{AB28BB50-C957-4F93-A839-1535E138EFC0}.Release|Any CPU.Build.0 = Release|Any CPU
	EndGlobalSection
	GlobalSection(SolutionProperties) = preSolution
		HideSolutionNode = FALSE
	EndGlobalSection
	GlobalSection(ExtensibilityGlobals) = postSolution
		SolutionGuid = {1845E4EB-BBA1-48F6-867F-7C34386E3A34}
	EndGlobalSection
EndGlobal
